
Microsoft Visual Studio Solution File, Format Version 12.00
# Visual Studio Version 17
VisualStudioVersion = 17.4.33403.182
MinimumVisualStudioVersion = 10.0.40219.1
Project("{FAE04EC0-301F-11D3-BF4B-00C04F79EFBC}") = "AvationPlaneTest", "AvationPlaneTest\AvationPlaneTest.csproj", "{ECBEE5F5-8A94-4FD5-A4D1-D50F7A87BA30}"
EndProject
Global
	GlobalSection(SolutionConfigurationPlatforms) = preSolution
		Debug|Any CPU = Debug|Any CPU
		Release|Any CPU = Release|Any CPU
	EndGlobalSection
	GlobalSection(ProjectConfigurationPlatforms) = postSolution
		{ECBEE5F5-8A94-4FD5-A4D1-D50F7A87BA30}.Debug|Any CPU.ActiveCfg = Debug|Any CPU
		{ECBEE5F5-8A94-4FD5-A4D1-D50F7A87BA30}.Debug|Any CPU.Build.0 = Debug|Any CPU
		{ECBEE5F5-8A94-4FD5-A4D1-D50F7A87BA30}.Release|Any CPU.ActiveCfg = Release|Any CPU
		{ECBEE5F5-8A94-4FD5-A4D1-D50F7A87BA30}.Release|Any CPU.Build.0 = Release|Any CPU
	EndGlobalSection
	GlobalSection(SolutionProperties) = preSolution
		HideSolutionNode = FALSE
	EndGlobalSection
	GlobalSection(ExtensibilityGlobals) = postSolution
		SolutionGuid = {E4868A71-7EB5-4366-B25A-8B8F8C3386A4}
	EndGlobalSection
EndGlobal
